<?xml version="1.0" encoding="utf-8"?>
<Project ToolsVersion="4.0" xmlns="http://schemas.microsoft.com/developer/msbuild/2003">
  <ItemGroup>
    <Filter Include="Source Files">
      <UniqueIdentifier>{fade504b-5ba8-4426-bf9a-01be9c12de87}</UniqueIdentifier>
      <Extensions>cpp;c;cxx;rc;def;r;odl;idl;hpj;bat</Extensions>
    </Filter>
    <Filter Include="Header Files">
      <UniqueIdentifier>{0a372d9d-ce37-4e17-8360-e347882bbd0c}</UniqueIdentifier>
      <Extensions>h;hpp;hxx;hm;inl</Extensions>
    </Filter>
    <Filter Include="Resource Files">
      <UniqueIdentifier>{5adaef46-6549-4e05-9fda-4e98afd70257}</UniqueIdentifier>
      <Extensions>ico;cur;bmp;dlg;rc2;rct;bin;rgs;gif;jpg;jpeg;jpe</Extensions>
    </Filter>
  </ItemGroup>
  <ItemGroup>
    <ClCompile Include="Control1.cpp">
      <Filter>Source Files</Filter>
    </ClCompile>
    <ClCompile Include="Control2.cpp">
      <Filter>Source Files</Filter>
    </ClCompile>
    <ClCompile Include="DataStructVisual.cpp">
      <Filter>Source Files</Filter>
    </ClCompile>
    <ClCompile Include="DataStructVisualDoc.cpp">
      <Filter>Source Files</Filter>
    </ClCompile>
    <ClCompile Include="DataStructVisualView.cpp">
      <Filter>Source Files</Filter>
    </ClCompile>
    <ClCompile Include="Draw1.cpp">
      <Filter>Source Files</Filter>
    </ClCompile>
    <ClCompile Include="Draw2.cpp">
      <Filter>Source Files</Filter>
    </ClCompile>
    <ClCompile Include="LeftPane.cpp">
      <Filter>Source Files</Filter>
    </ClCompile>
    <ClCompile Include="LinkList.cpp">
      <Filter>Source Files</Filter>
    </ClCompile>
    <ClCompile Include="LinkListCrl.cpp">
      <Filter>Source Files</Filter>
    </ClCompile>
    <ClCompile Include="LinkListDraw.cpp">
      <Filter>Source Files</Filter>
    </ClCompile>
    <ClCompile Include="ListNode.cpp">
      <Filter>Source Files</Filter>
    </ClCompile>
    <ClCompile Include="MainFrm.cpp">
      <Filter>Source Files</Filter>
    </ClCompile>
    <ClCompile Include="RightSwitchFrame.cpp">
      <Filter>Source Files</Filter>
    </ClCompile>
    <ClCompile Include="Splitter1.cpp">
      <Filter>Source Files</Filter>
    </ClCompile>
    <ClCompile Include="Splitter2.cpp">
      <Filter>Source Files</Filter>
    </ClCompile>
    <ClCompile Include="SplitterLinkList.cpp">
      <Filter>Source Files</Filter>
    </ClCompile>
    <ClCompile Include="StdAfx.cpp">
      <Filter>Source Files</Filter>
    </ClCompile>
  </ItemGroup>
  <ItemGroup>
    <ResourceCompile Include="DataStructVisual.rc">
      <Filter>Source Files</Filter>
    </ResourceCompile>
  </ItemGroup>
  <ItemGroup>
    <ClInclude Include="Control1.h">
      <Filter>Header Files</Filter>
    </ClInclude>
    <ClInclude Include="Control2.h">
      <Filter>Header Files</Filter>
    </ClInclude>
    <ClInclude Include="DataStructVisual.h">
      <Filter>Header Files</Filter>
    </ClInclude>
    <ClInclude Include="DataStructVisualDoc.h">
      <Filter>Header Files</Filter>
    </ClInclude>
    <ClInclude Include="DataStructVisualView.h">
      <Filter>Header Files</Filter>
    </ClInclude>
    <ClInclude Include="Draw1.h">
      <Filter>Header Files</Filter>
    </ClInclude>
    <ClInclude Include="Draw2.h">
      <Filter>Header Files</Filter>
    </ClInclude>
    <ClInclude Include="LeftPane.h">
      <Filter>Header Files</Filter>
    </ClInclude>
    <ClInclude Include="LinkList.h">
      <Filter>Header Files</Filter>
    </ClInclude>
    <ClInclude Include="LinkListCrl.h">
      <Filter>Header Files</Filter>
    </ClInclude>
    <ClInclude Include="LinkListDraw.h">
      <Filter>Header Files</Filter>
    </ClInclude>
    <ClInclude Include="ListNode.h">
      <Filter>Header Files</Filter>
    </ClInclude>
    <ClInclude Include="MainFrm.h">
      <Filter>Header Files</Filter>
    </ClInclude>
    <ClInclude Include="Resource.h">
      <Filter>Header Files</Filter>
    </ClInclude>
    <ClInclude Include="RightSwitchFrame.h">
      <Filter>Header Files</Filter>
    </ClInclude>
    <ClInclude Include="Splitter1.h">
      <Filter>Header Files</Filter>
    </ClInclude>
    <ClInclude Include="Splitter2.h">
      <Filter>Header Files</Filter>
    </ClInclude>
    <ClInclude Include="SplitterLinkList.h">
      <Filter>Header Files</Filter>
    </ClInclude>
    <ClInclude Include="StdAfx.h">
      <Filter>Header Files</Filter>
    </ClInclude>
  </ItemGroup>
  <ItemGroup>
    <CustomBuild Include="新建文件夹\01.ico">
      <Filter>Resource Files</Filter>
    </CustomBuild>
    <CustomBuild Include="新建文件夹\02.ico">
      <Filter>Resource Files</Filter>
    </CustomBuild>
    <CustomBuild Include="res\DataStructVisual.ico">
      <Filter>Resource Files</Filter>
    </CustomBuild>
    <CustomBuild Include="res\DataStructVisual.rc2">
      <Filter>Resource Files</Filter>
    </CustomBuild>
    <CustomBuild Include="res\DataStructVisualDoc.ico">
      <Filter>Resource Files</Filter>
    </CustomBuild>
    <CustomBuild Include="新建文件夹\longev_01.ico">
      <Filter>Resource Files</Filter>
    </CustomBuild>
    <CustomBuild Include="新建文件夹\search.ico">
      <Filter>Resource Files</Filter>
    </CustomBuild>
    <CustomBuild Include="res\Toolbar.bmp">
      <Filter>Resource Files</Filter>
    </CustomBuild>
    <CustomBuild Include="新建文件夹\userbroadcast.ico">
      <Filter>Resource Files</Filter>
    </CustomBuild>
    <CustomBuild Include="ReadMe.txt" />
    <CustomBuild Include="新建文件夹\钻石.ico">
      <Filter>Resource Files</Filter>
    </CustomBuild>
    <CustomBuild Include="新建文件夹\幸运草.ico">
      <Filter>Resource Files</Filter>
    </CustomBuild>
  </ItemGroup>
</Project>